PODS:
  - clipboard (0.0.1):
    - Flutter
  - Flutter (1.0.0)

DEPENDENCIES:
  - clipboard (from `.symlinks/plugins/clipboard/ios`)
  - Flutter (from `.symlinks/flutter/ios`)

EXTERNAL SOURCES:
  clipboard:
    :path: ".symlinks/plugins/clipboard/ios"
  Flutter:
    :path: ".symlinks/flutter/ios"

SPEC CHECKSUMS:
  clipboard: 6b82e661ca6bfc5f520dc628231a195778f3b96a
  Flutter: 9d0fac939486c9aba2809b7982dfdbb47a7b0296

PODFILE CHECKSUM: 1e5af4103afd21ca5ead147d7b81d06f494f51a2

COCOAPODS: 1.5.0
