PODS:
  - android_intent (0.0.1):
    - Flutter
  - Flutter (1.0.0)

DEPENDENCIES:
  - android_intent (from `.symlinks/plugins/android_intent/ios`)
  - Flutter (from `.symlinks/flutter/ios-release`)

EXTERNAL SOURCES:
  android_intent:
    :path: ".symlinks/plugins/android_intent/ios"
  Flutter:
    :path: ".symlinks/flutter/ios-release"

SPEC CHECKSUMS:
  android_intent: 96848466ee23479bdb64dc5fa04e8fe1f59200aa
  Flutter: 9d0fac939486c9aba2809b7982dfdbb47a7b0296

PODFILE CHECKSUM: 1e5af4103afd21ca5ead147d7b81d06f494f51a2

COCOAPODS: 1.5.3
